
Microsoft Visual Studio Solution File, Format Version 12.00
# Visual Studio Version 16
VisualStudioVersion = 16.0.30204.135
MinimumVisualStudioVersion = 10.0.40219.1
Project("{9A19103F-16F7-4668-BE54-9A1E7A4F7556}") = "Minesweeper", "Minesweeper\Minesweeper.csproj", "{34CFB10A-55AA-4A3F-A677-AF9AC0394EED}"
EndProject
Global
	GlobalSection(SolutionConfigurationPlatforms) = preSolution
		Debug|Any CPU = Debug|Any CPU
		Release|Any CPU = Release|Any CPU
	EndGlobalSection
	GlobalSection(ProjectConfigurationPlatforms) = postSolution
		{34CFB10A-55AA-4A3F-A677-AF9AC0394EED}.Debug|Any CPU.ActiveCfg = Debug|Any CPU
		{34CFB10A-55AA-4A3F-A677-AF9AC0394EED}.Debug|Any CPU.Build.0 = Debug|Any CPU
		{34CFB10A-55AA-4A3F-A677-AF9AC0394EED}.Release|Any CPU.ActiveCfg = Release|Any CPU
		{34CFB10A-55AA-4A3F-A677-AF9AC0394EED}.Release|Any CPU.Build.0 = Release|Any CPU
	EndGlobalSection
	GlobalSection(SolutionProperties) = preSolution
		HideSolutionNode = FALSE
	EndGlobalSection
	GlobalSection(ExtensibilityGlobals) = postSolution
		SolutionGuid = {FBE03275-B661-4BEB-9A7F-2BC306C66E48}
	EndGlobalSection
EndGlobal
